
Microsoft Visual Studio Solution File, Format Version 12.00
# Visual Studio Version 17
VisualStudioVersion = 17.7.34031.279
MinimumVisualStudioVersion = 10.0.40219.1
Project("{FAE04EC0-301F-11D3-BF4B-00C04F79EFBC}") = "DataStructures", "DataStructures.csproj", "{D51A1CD3-11D6-4973-A6B8-D80D37D75DC5}"
EndProject
Global
	GlobalSection(SolutionConfigurationPlatforms) = preSolution
		Debug|Any CPU = Debug|Any CPU
		Release|Any CPU = Release|Any CPU
	EndGlobalSection
	GlobalSection(ProjectConfigurationPlatforms) = postSolution
		{D51A1CD3-11D6-4973-A6B8-D80D37D75DC5}.Debug|Any CPU.ActiveCfg = Debug|Any CPU
		{D51A1CD3-11D6-4973-A6B8-D80D37D75DC5}.Debug|Any CPU.Build.0 = Debug|Any CPU
		{D51A1CD3-11D6-4973-A6B8-D80D37D75DC5}.Release|Any CPU.ActiveCfg = Release|Any CPU
		{D51A1CD3-11D6-4973-A6B8-D80D37D75DC5}.Release|Any CPU.Build.0 = Release|Any CPU
	EndGlobalSection
	GlobalSection(SolutionProperties) = preSolution
		HideSolutionNode = FALSE
	EndGlobalSection
	GlobalSection(ExtensibilityGlobals) = postSolution
		SolutionGuid = {CF0EDA42-763F-427A-95BA-3CDE32F10B9B}
	EndGlobalSection
EndGlobal
